// !$*UTF8*$!
{
	archiveVersion = 1;
	classes = {
	};
	objectVersion = 55;
	objects = {

/* Begin PBXBuildFile section */
		DFEBCD2D28B8438300B8A5D0 /* AppDelegate.swift in Sources */ = {isa = PBXBuildFile; fileRef = DFEBCD2C28B8438300B8A5D0 /* AppDelegate.swift */; };
		DFEBCD2F28B8438300B8A5D0 /* SceneDelegate.swift in Sources */ = {isa = PBXBuildFile; fileRef = DFEBCD2E28B8438300B8A5D0 /* SceneDelegate.swift */; };
		DFEBCD3128B8438300B8A5D0 /* ViewController.swift in Sources */ = {isa = PBXBuildFile; fileRef = DFEBCD3028B8438300B8A5D0 /* ViewController.swift */; };
		DFEBCD3428B8438300B8A5D0 /* Main.storyboard in Resources */ = {isa = PBXBuildFile; fileRef = DFEBCD3228B8438300B8A5D0 /* Main.storyboard */; };
		DFEBCD3728B8438300B8A5D0 /* Pokedex.xcdatamodeld in Sources */ = {isa = PBXBuildFile; fileRef = DFEBCD3528B8438300B8A5D0 /* Pokedex.xcdatamodeld */; };
		DFEBCD3928B8438500B8A5D0 /* Assets.xcassets in Resources */ = {isa = PBXBuildFile; fileRef = DFEBCD3828B8438500B8A5D0 /* Assets.xcassets */; };
		DFEBCD3C28B8438500B8A5D0 /* LaunchScreen.storyboard in Resources */ = {isa = PBXBuildFile; fileRef = DFEBCD3A28B8438500B8A5D0 /* LaunchScreen.storyboard */; };
		DFEBCD4728B8438500B8A5D0 /* PokedexTests.swift in Sources */ = {isa = PBXBuildFile; fileRef = DFEBCD4628B8438500B8A5D0 /* PokedexTests.swift */; };
		DFEBCD5128B8438500B8A5D0 /* PokedexUITests.swift in Sources */ = {isa = PBXBuildFile; fileRef = DFEBCD5028B8438500B8A5D0 /* PokedexUITests.swift */; };
		DFEBCD5328B8438500B8A5D0 /* PokedexUITestsLaunchTests.swift in Sources */ = {isa = PBXBuildFile; fileRef = DFEBCD5228B8438500B8A5D0 /* PokedexUITestsLaunchTests.swift */; };
/* End PBXBuildFile section */

/* Begin PBXContainerItemProxy section */
		DFEBCD4328B8438500B8A5D0 /* PBXContainerItemProxy */ = {
			isa = PBXContainerItemProxy;
			containerPortal = DFEBCD2128B8438300B8A5D0 /* Project object */;
			proxyType = 1;
			remoteGlobalIDString = DFEBCD2828B8438300B8A5D0;
			remoteInfo = Pokedex;
		};
		DFEBCD4D28B8438500B8A5D0 /* PBXContainerItemProxy */ = {
			isa = PBXContainerItemProxy;
			containerPortal = DFEBCD2128B8438300B8A5D0 /* Project object */;
			proxyType = 1;
			remoteGlobalIDString = DFEBCD2828B8438300B8A5D0;
			remoteInfo = Pokedex;
		};
/* End PBXContainerItemProxy section */

/* Begin PBXFileReference section */
		DFEBCD2928B8438300B8A5D0 /* Pokedex.app */ = {isa = PBXFileReference; explicitFileType = wrapper.application; includeInIndex = 0; path = Pokedex.app; sourceTree = BUILT_PRODUCTS_DIR; };
		DFEBCD2C28B8438300B8A5D0 /* AppDelegate.swift */ = {isa = PBXFileReference; lastKnownFileType = sourcecode.swift; path = AppDelegate.swift; sourceTree = "<group>"; };
		DFEBCD2E28B8438300B8A5D0 /* SceneDelegate.swift */ = {isa = PBXFileReference; lastKnownFileType = sourcecode.swift; path = SceneDelegate.swift; sourceTree = "<group>"; };
		DFEBCD3028B8438300B8A5D0 /* ViewController.swift */ = {isa = PBXFileReference; lastKnownFileType = sourcecode.swift; path = ViewController.swift; sourceTree = "<group>"; };
		DFEBCD3328B8438300B8A5D0 /* Base */ = {isa = PBXFileReference; lastKnownFileType = file.storyboard; name = Base; path = Base.lproj/Main.storyboard; sourceTree = "<group>"; };
		DFEBCD3628B8438300B8A5D0 /* Pokedex.xcdatamodel */ = {isa = PBXFileReference; lastKnownFileType = wrapper.xcdatamodel; path = Pokedex.xcdatamodel; sourceTree = "<group>"; };
		DFEBCD3828B8438500B8A5D0 /* Assets.xcassets */ = {isa = PBXFileReference; lastKnownFileType = folder.assetcatalog; path = Assets.xcassets; sourceTree = "<group>"; };
		DFEBCD3B28B8438500B8A5D0 /* Base */ = {isa = PBXFileReference; lastKnownFileType = file.storyboard; name = Base; path = Base.lproj/LaunchScreen.storyboard; sourceTree = "<group>"; };
		DFEBCD3D28B8438500B8A5D0 /* Info.plist */ = {isa = PBXFileReference; lastKnownFileType = text.plist.xml; path = Info.plist; sourceTree = "<group>"; };
		DFEBCD4228B8438500B8A5D0 /* PokedexTests.xctest */ = {isa = PBXFileReference; explicitFileType = wrapper.cfbundle; includeInIndex = 0; path = PokedexTests.xctest; sourceTree = BUILT_PRODUCTS_DIR; };
		DFEBCD4628B8438500B8A5D0 /* PokedexTests.swift */ = {isa = PBXFileReference; lastKnownFileType = sourcecode.swift; path = PokedexTests.swift; sourceTree = "<group>"; };
		DFEBCD4C28B8438500B8A5D0 /* PokedexUITests.xctest */ = {isa = PBXFileReference; explicitFileType = wrapper.cfbundle; includeInIndex = 0; path = PokedexUITests.xctest; sourceTree = BUILT_PRODUCTS_DIR; };
		DFEBCD5028B8438500B8A5D0 /* PokedexUITests.swift */ = {isa = PBXFileReference; lastKnownFileType = sourcecode.swift; path = PokedexUITests.swift; sourceTree = "<group>"; };
		DFEBCD5228B8438500B8A5D0 /* PokedexUITestsLaunchTests.swift */ = {isa = PBXFileReference; lastKnownFileType = sourcecode.swift; path = PokedexUITestsLaunchTests.swift; sourceTree = "<group>"; };
/* End PBXFileReference section */

/* Begin PBXFrameworksBuildPhase section */
		DFEBCD2628B8438300B8A5D0 /* Frameworks */ = {
			isa = PBXFrameworksBuildPhase;
			buildActionMask = 2147483647;
			files = (
			);
			runOnlyForDeploymentPostprocessing = 0;
		};
		DFEBCD3F28B8438500B8A5D0 /* Frameworks */ = {
			isa = PBXFrameworksBuildPhase;
			buildActionMask = 2147483647;
			files = (
			);
			runOnlyForDeploymentPostprocessing = 0;
		};
		DFEBCD4928B8438500B8A5D0 /* Frameworks */ = {
			isa = PBXFrameworksBuildPhase;
			buildActionMask = 2147483647;
			files = (
			);
			runOnlyForDeploymentPostprocessing = 0;
		};
/* End PBXFrameworksBuildPhase section */

/* Begin PBXGroup section */
		DFEBCD2028B8438300B8A5D0 = {
			isa = PBXGroup;
			children = (
				DFEBCD2B28B8438300B8A5D0 /* Pokedex */,
				DFEBCD4528B8438500B8A5D0 /* PokedexTests */,
				DFEBCD4F28B8438500B8A5D0 /* PokedexUITests */,
				DFEBCD2A28B8438300B8A5D0 /* Products */,
			);
			sourceTree = "<group>";
		};
		DFEBCD2A28B8438300B8A5D0 /* Products */ = {
			isa = PBXGroup;
			children = (
				DFEBCD2928B8438300B8A5D0 /* Pokedex.app */,
				DFEBCD4228B8438500B8A5D0 /* PokedexTests.xctest */,
				DFEBCD4C28B8438500B8A5D0 /* PokedexUITests.xctest */,
			);
			name = Products;
			sourceTree = "<group>";
		};
		DFEBCD2B28B8438300B8A5D0 /* Pokedex */ = {
			isa = PBXGroup;
			children = (
				DFEBCD2C28B8438300B8A5D0 /* AppDelegate.swift */,
				DFEBCD2E28B8438300B8A5D0 /* SceneDelegate.swift */,
				DFEBCD3028B8438300B8A5D0 /* ViewController.swift */,
				DFEBCD3228B8438300B8A5D0 /* Main.storyboard */,
				DFEBCD3828B8438500B8A5D0 /* Assets.xcassets */,
				DFEBCD3A28B8438500B8A5D0 /* LaunchScreen.storyboard */,
				DFEBCD3D28B8438500B8A5D0 /* Info.plist */,
				DFEBCD3528B8438300B8A5D0 /* Pokedex.xcdatamodeld */,
			);
			path = Pokedex;
			sourceTree = "<group>";
		};
		DFEBCD4528B8438500B8A5D0 /* PokedexTests */ = {
			isa = PBXGroup;
			children = (
				DFEBCD4628B8438500B8A5D0 /* PokedexTests.swift */,
			);
			path = PokedexTests;
			sourceTree = "<group>";
		};
		DFEBCD4F28B8438500B8A5D0 /* PokedexUITests */ = {
			isa = PBXGroup;
			children = (
				DFEBCD5028B8438500B8A5D0 /* PokedexUITests.swift */,
				DFEBCD5228B8438500B8A5D0 /* PokedexUITestsLaunchTests.swift */,
			);
			path = PokedexUITests;
			sourceTree = "<group>";
		};
/* End PBXGroup section */

/* Begin PBXNativeTarget section */
		DFEBCD2828B8438300B8A5D0 /* Pokedex */ = {
			isa = PBXNativeTarget;
			buildConfigurationList = DFEBCD5628B8438500B8A5D0 /* Build configuration list for PBXNativeTarget "Pokedex" */;
			buildPhases = (
				DFEBCD2528B8438300B8A5D0 /* Sources */,
				DFEBCD2628B8438300B8A5D0 /* Frameworks */,
				DFEBCD2728B8438300B8A5D0 /* Resources */,
			);
			buildRules = (
			);
			dependencies = (
			);
			name = Pokedex;
			productName = Pokedex;
			productReference = DFEBCD2928B8438300B8A5D0 /* Pokedex.app */;
			productType = "com.apple.product-type.application";
		};
		DFEBCD4128B8438500B8A5D0 /* PokedexTests */ = {
			isa = PBXNativeTarget;
			buildConfigurationList = DFEBCD5928B8438500B8A5D0 /* Build configuration list for PBXNativeTarget "PokedexTests" */;
			buildPhases = (
				DFEBCD3E28B8438500B8A5D0 /* Sources */,
				DFEBCD3F28B8438500B8A5D0 /* Frameworks */,
				DFEBCD4028B8438500B8A5D0 /* Resources */,
			);
			buildRules = (
			);
			dependencies = (
				DFEBCD4428B8438500B8A5D0 /* PBXTargetDependency */,
			);
			name = PokedexTests;
			productName = PokedexTests;
			productReference = DFEBCD4228B8438500B8A5D0 /* PokedexTests.xctest */;
			productType = "com.apple.product-type.bundle.unit-test";
		};
		DFEBCD4B28B8438500B8A5D0 /* PokedexUITests */ = {
			isa = PBXNativeTarget;
			buildConfigurationList = DFEBCD5C28B8438500B8A5D0 /* Build configuration list for PBXNativeTarget "PokedexUITests" */;
			buildPhases = (
				DFEBCD4828B8438500B8A5D0 /* Sources */,
				DFEBCD4928B8438500B8A5D0 /* Frameworks */,
				DFEBCD4A28B8438500B8A5D0 /* Resources */,
			);
			buildRules = (
			);
			dependencies = (
				DFEBCD4E28B8438500B8A5D0 /* PBXTargetDependency */,
			);
			name = PokedexUITests;
			productName = PokedexUITests;
			productReference = DFEBCD4C28B8438500B8A5D0 /* PokedexUITests.xctest */;
			productType = "com.apple.product-type.bundle.ui-testing";
		};
/* End PBXNativeTarget section */

/* Begin PBXProject section */
		DFEBCD2128B8438300B8A5D0 /* Project object */ = {
			isa = PBXProject;
			attributes = {
				BuildIndependentTargetsInParallel = 1;
				LastSwiftUpdateCheck = 1320;
				LastUpgradeCheck = 1320;
				TargetAttributes = {
					DFEBCD2828B8438300B8A5D0 = {
						CreatedOnToolsVersion = 13.2.1;
					};
					DFEBCD4128B8438500B8A5D0 = {
						CreatedOnToolsVersion = 13.2.1;
						TestTargetID = DFEBCD2828B8438300B8A5D0;
					};
					DFEBCD4B28B8438500B8A5D0 = {
						CreatedOnToolsVersion = 13.2.1;
						TestTargetID = DFEBCD2828B8438300B8A5D0;
					};
				};
			};
			buildConfigurationList = DFEBCD2428B8438300B8A5D0 /* Build configuration list for PBXProject "Pokedex" */;
			compatibilityVersion = "Xcode 13.0";
			developmentRegion = en;
			hasScannedForEncodings = 0;
			knownRegions = (
				en,
				Base,
			);
			mainGroup = DFEBCD2028B8438300B8A5D0;
			productRefGroup = DFEBCD2A28B8438300B8A5D0 /* Products */;
			projectDirPath = "";
			projectRoot = "";
			targets = (
				DFEBCD2828B8438300B8A5D0 /* Pokedex */,
				DFEBCD4128B8438500B8A5D0 /* PokedexTests */,
				DFEBCD4B28B8438500B8A5D0 /* PokedexUITests */,
			);
		};
/* End PBXProject section */

/* Begin PBXResourcesBuildPhase section */
		DFEBCD2728B8438300B8A5D0 /* Resources */ = {
			isa = PBXResourcesBuildPhase;
			buildActionMask = 2147483647;
			files = (
				DFEBCD3C28B8438500B8A5D0 /* LaunchScreen.storyboard in Resources */,
				DFEBCD3928B8438500B8A5D0 /* Assets.xcassets in Resources */,
				DFEBCD3428B8438300B8A5D0 /* Main.storyboard in Resources */,
			);
			runOnlyForDeploymentPostprocessing = 0;
		};
		DFEBCD4028B8438500B8A5D0 /* Resources */ = {
			isa = PBXResourcesBuildPhase;
			buildActionMask = 2147483647;
			files = (
			);
			runOnlyForDeploymentPostprocessing = 0;
		};
		DFEBCD4A28B8438500B8A5D0 /* Resources */ = {
			isa = PBXResourcesBuildPhase;
			buildActionMask = 2147483647;
			files = (
			);
			runOnlyForDeploymentPostprocessing = 0;
		};
/* End PBXResourcesBuildPhase section */

/* Begin PBXSourcesBuildPhase section */
		DFEBCD2528B8438300B8A5D0 /* Sources */ = {
			isa = PBXSourcesBuildPhase;
			buildActionMask = 2147483647;
			files = (
				DFEBCD3728B8438300B8A5D0 /* Pokedex.xcdatamodeld in Sources */,
				DFEBCD3128B8438300B8A5D0 /* ViewController.swift in Sources */,
				DFEBCD2D28B8438300B8A5D0 /* AppDelegate.swift in Sources */,
				DFEBCD2F28B8438300B8A5D0 /* SceneDelegate.swift in Sources */,
			);
			runOnlyForDeploymentPostprocessing = 0;
		};
		DFEBCD3E28B8438500B8A5D0 /* Sources */ = {
			isa = PBXSourcesBuildPhase;
			buildActionMask = 2147483647;
			files = (
				DFEBCD4728B8438500B8A5D0 /* PokedexTests.swift in Sources */,
			);
			runOnlyForDeploymentPostprocessing = 0;
		};
		DFEBCD4828B8438500B8A5D0 /* Sources */ = {
			isa = PBXSourcesBuildPhase;
			buildActionMask = 2147483647;
			files = (
				DFEBCD5128B8438500B8A5D0 /* PokedexUITests.swift in Sources */,
				DFEBCD5328B8438500B8A5D0 /* PokedexUITestsLaunchTests.swift in Sources */,
			);
			runOnlyForDeploymentPostprocessing = 0;
		};
/* End PBXSourcesBuildPhase section */

/* Begin PBXTargetDependency section */
		DFEBCD4428B8438500B8A5D0 /* PBXTargetDependency */ = {
			isa = PBXTargetDependency;
			target = DFEBCD2828B8438300B8A5D0 /* Pokedex */;
			targetProxy = DFEBCD4328B8438500B8A5D0 /* PBXContainerItemProxy */;
		};
		DFEBCD4E28B8438500B8A5D0 /* PBXTargetDependency */ = {
			isa = PBXTargetDependency;
			target = DFEBCD2828B8438300B8A5D0 /* Pokedex */;
			targetProxy = DFEBCD4D28B8438500B8A5D0 /* PBXContainerItemProxy */;
		};
/* End PBXTargetDependency section */

/* Begin PBXVariantGroup section */
		DFEBCD3228B8438300B8A5D0 /* Main.storyboard */ = {
			isa = PBXVariantGroup;
			children = (
				DFEBCD3328B8438300B8A5D0 /* Base */,
			);
			name = Main.storyboard;
			sourceTree = "<group>";
		};
		DFEBCD3A28B8438500B8A5D0 /* LaunchScreen.storyboard */ = {
			isa = PBXVariantGroup;
			children = (
				DFEBCD3B28B8438500B8A5D0 /* Base */,
			);
			name = LaunchScreen.storyboard;
			sourceTree = "<group>";
		};
/* End PBXVariantGroup section */

/* Begin XCBuildConfiguration section */
		DFEBCD5428B8438500B8A5D0 /* Debug */ = {
			isa = XCBuildConfiguration;
			buildSettings = {
				ALWAYS_SEARCH_USER_PATHS = NO;
				CLANG_ANALYZER_NONNULL = YES;
				CLANG_ANALYZER_NUMBER_OBJECT_CONVERSION = YES_AGGRESSIVE;
				CLANG_CXX_LANGUAGE_STANDARD = "gnu++17";
				CLANG_CXX_LIBRARY = "libc++";
				CLANG_ENABLE_MODULES = YES;
				CLANG_ENABLE_OBJC_ARC = YES;
				CLANG_ENABLE_OBJC_WEAK = YES;
				CLANG_WARN_BLOCK_CAPTURE_AUTORELEASING = YES;
				CLANG_WARN_BOOL_CONVERSION = YES;
				CLANG_WARN_COMMA = YES;
				CLANG_WARN_CONSTANT_CONVERSION = YES;
				CLANG_WARN_DEPRECATED_OBJC_IMPLEMENTATIONS = YES;
				CLANG_WARN_DIRECT_OBJC_ISA_USAGE = YES_ERROR;
				CLANG_WARN_DOCUMENTATION_COMMENTS = YES;
				CLANG_WARN_EMPTY_BODY = YES;
				CLANG_WARN_ENUM_CONVERSION = YES;
				CLANG_WARN_INFINITE_RECURSION = YES;
				CLANG_WARN_INT_CONVERSION = YES;
				CLANG_WARN_NON_LITERAL_NULL_CONVERSION = YES;
				CLANG_WARN_OBJC_IMPLICIT_RETAIN_SELF = YES;
				CLANG_WARN_OBJC_LITERAL_CONVERSION = YES;
				CLANG_WARN_OBJC_ROOT_CLASS = YES_ERROR;
				CLANG_WARN_QUOTED_INCLUDE_IN_FRAMEWORK_HEADER = YES;
				CLANG_WARN_RANGE_LOOP_ANALYSIS = YES;
				CLANG_WARN_STRICT_PROTOTYPES = YES;
				CLANG_WARN_SUSPICIOUS_MOVE = YES;
				CLANG_WARN_UNGUARDED_AVAILABILITY = YES_AGGRESSIVE;
				CLANG_WARN_UNREACHABLE_CODE = YES;
				CLANG_WARN__DUPLICATE_METHOD_MATCH = YES;
				COPY_PHASE_STRIP = NO;
				DEBUG_INFORMATION_FORMAT = dwarf;
				ENABLE_STRICT_OBJC_MSGSEND = YES;
				ENABLE_TESTABILITY = YES;
				GCC_C_LANGUAGE_STANDARD = gnu11;
				GCC_DYNAMIC_NO_PIC = NO;
				GCC_NO_COMMON_BLOCKS = YES;
				GCC_OPTIMIZATION_LEVEL = 0;
				GCC_PREPROCESSOR_DEFINITIONS = (
					"DEBUG=1",
					"$(inherited)",
				);
				GCC_WARN_64_TO_32_BIT_CONVERSION = YES;
				GCC_WARN_ABOUT_RETURN_TYPE = YES_ERROR;
				GCC_WARN_UNDECLARED_SELECTOR = YES;
				GCC_WARN_UNINITIALIZED_AUTOS = YES_AGGRESSIVE;
				GCC_WARN_UNUSED_FUNCTION = YES;
				GCC_WARN_UNUSED_VARIABLE = YES;
				IPHONEOS_DEPLOYMENT_TARGET = 15.2;
				MTL_ENABLE_DEBUG_INFO = INCLUDE_SOURCE;
				MTL_FAST_MATH = YES;
				ONLY_ACTIVE_ARCH = YES;
				SDKROOT = iphoneos;
				SWIFT_ACTIVE_COMPILATION_CONDITIONS = DEBUG;
				SWIFT_OPTIMIZATION_LEVEL = "-Onone";
			};
			name = Debug;
		};
		DFEBCD5528B8438500B8A5D0 /* Release */ = {
			isa = XCBuildConfiguration;
			buildSettings = {
				ALWAYS_SEARCH_USER_PATHS = NO;
				CLANG_ANALYZER_NONNULL = YES;
				CLANG_ANALYZER_NUMBER_OBJECT_CONVERSION = YES_AGGRESSIVE;
				CLANG_CXX_LANGUAGE_STANDARD = "gnu++17";
				CLANG_CXX_LIBRARY = "libc++";
				CLANG_ENABLE_MODULES = YES;
				CLANG_ENABLE_OBJC_ARC = YES;
				CLANG_ENABLE_OBJC_WEAK = YES;
				CLANG_WARN_BLOCK_CAPTURE_AUTORELEASING = YES;
				CLANG_WARN_BOOL_CONVERSION = YES;
				CLANG_WARN_COMMA = YES;
				CLANG_WARN_CONSTANT_CONVERSION = YES;
				CLANG_WARN_DEPRECATED_OBJC_IMPLEMENTATIONS = YES;
				CLANG_WARN_DIRECT_OBJC_ISA_USAGE = YES_ERROR;
				CLANG_WARN_DOCUMENTATION_COMMENTS = YES;
				CLANG_WARN_EMPTY_BODY = YES;
				CLANG_WARN_ENUM_CONVERSION = YES;
				CLANG_WARN_INFINITE_RECURSION = YES;
				CLANG_WARN_INT_CONVERSION = YES;
				CLANG_WARN_NON_LITERAL_NULL_CONVERSION = YES;
				CLANG_WARN_OBJC_IMPLICIT_RETAIN_SELF = YES;
				CLANG_WARN_OBJC_LITERAL_CONVERSION = YES;
				CLANG_WARN_OBJC_ROOT_CLASS = YES_ERROR;
				CLANG_WARN_QUOTED_INCLUDE_IN_FRAMEWORK_HEADER = YES;
				CLANG_WARN_RANGE_LOOP_ANALYSIS = YES;
				CLANG_WARN_STRICT_PROTOTYPES = YES;
				CLANG_WARN_SUSPICIOUS_MOVE = YES;
				CLANG_WARN_UNGUARDED_AVAILABILITY = YES_AGGRESSIVE;
				CLANG_WARN_UNREACHABLE_CODE = YES;
				CLANG_WARN__DUPLICATE_METHOD_MATCH = YES;
				COPY_PHASE_STRIP = NO;
				DEBUG_INFORMATION_FORMAT = "dwarf-with-dsym";
				ENABLE_NS_ASSERTIONS = NO;
				ENABLE_STRICT_OBJC_MSGSEND = YES;
				GCC_C_LANGUAGE_STANDARD = gnu11;
				GCC_NO_COMMON_BLOCKS = YES;
				GCC_WARN_64_TO_32_BIT_CONVERSION = YES;
				GCC_WARN_ABOUT_RETURN_TYPE = YES_ERROR;
				GCC_WARN_UNDECLARED_SELECTOR = YES;
				GCC_WARN_UNINITIALIZED_AUTOS = YES_AGGRESSIVE;
				GCC_WARN_UNUSED_FUNCTION = YES;
				GCC_WARN_UNUSED_VARIABLE = YES;
				IPHONEOS_DEPLOYMENT_TARGET = 15.2;
				MTL_ENABLE_DEBUG_INFO = NO;
				MTL_FAST_MATH = YES;
				SDKROOT = iphoneos;
				SWIFT_COMPILATION_MODE = wholemodule;
				SWIFT_OPTIMIZATION_LEVEL = "-O";
				VALIDATE_PRODUCT = YES;
			};
			name = Release;
		};
		DFEBCD5728B8438500B8A5D0 /* Debug */ = {
			isa = XCBuildConfiguration;
			buildSettings = {
				ASSETCATALOG_COMPILER_APPICON_NAME = AppIcon;
				ASSETCATALOG_COMPILER_GLOBAL_ACCENT_COLOR_NAME = AccentColor;
				CODE_SIGN_STYLE = Automatic;
				CURRENT_PROJECT_VERSION = 1;
				GENERATE_INFOPLIST_FILE = YES;
				INFOPLIST_FILE = Pokedex/Info.plist;
				INFOPLIST_KEY_UIApplicationSupportsIndirectInputEvents = YES;
				INFOPLIST_KEY_UILaunchStoryboardName = LaunchScreen;
				INFOPLIST_KEY_UIMainStoryboardFile = Main;
				INFOPLIST_KEY_UISupportedInterfaceOrientations_iPad = "UIInterfaceOrientationPortrait UIInterfaceOrientationPortraitUpsideDown UIInterfaceOrientationLandscapeLeft UIInterfaceOrientationLandscapeRight";
				INFOPLIST_KEY_UISupportedInterfaceOrientations_iPhone = "UIInterfaceOrientationPortrait UIInterfaceOrientationLandscapeLeft UIInterfaceOrientationLandscapeRight";
				LD_RUNPATH_SEARCH_PATHS = (
					"$(inherited)",
					"@executable_path/Frameworks",
				);
				MARKETING_VERSION = 1.0;
				PRODUCT_BUNDLE_IDENTIFIER = com.javier.Pokedex;
				PRODUCT_NAME = "$(TARGET_NAME)";
				SWIFT_EMIT_LOC_STRINGS = YES;
				SWIFT_VERSION = 5.0;
				TARGETED_DEVICE_FAMILY = "1,2";
			};
			name = Debug;
		};
		DFEBCD5828B8438500B8A5D0 /* Release */ = {
			isa = XCBuildConfiguration;
			buildSettings = {
				ASSETCATALOG_COMPILER_APPICON_NAME = AppIcon;
				ASSETCATALOG_COMPILER_GLOBAL_ACCENT_COLOR_NAME = AccentColor;
				CODE_SIGN_STYLE = Automatic;
				CURRENT_PROJECT_VERSION = 1;
				GENERATE_INFOPLIST_FILE = YES;
				INFOPLIST_FILE = Pokedex/Info.plist;
				INFOPLIST_KEY_UIApplicationSupportsIndirectInputEvents = YES;
				INFOPLIST_KEY_UILaunchStoryboardName = LaunchScreen;
				INFOPLIST_KEY_UIMainStoryboardFile = Main;
				INFOPLIST_KEY_UISupportedInterfaceOrientations_iPad = "UIInterfaceOrientationPortrait UIInterfaceOrientationPortraitUpsideDown UIInterfaceOrientationLandscapeLeft UIInterfaceOrientationLandscapeRight";
				INFOPLIST_KEY_UISupportedInterfaceOrientations_iPhone = "UIInterfaceOrientationPortrait UIInterfaceOrientationLandscapeLeft UIInterfaceOrientationLandscapeRight";
				LD_RUNPATH_SEARCH_PATHS = (
					"$(inherited)",
					"@executable_path/Frameworks",
				);
				MARKETING_VERSION = 1.0;
				PRODUCT_BUNDLE_IDENTIFIER = com.javier.Pokedex;
				PRODUCT_NAME = "$(TARGET_NAME)";
				SWIFT_EMIT_LOC_STRINGS = YES;
				SWIFT_VERSION = 5.0;
				TARGETED_DEVICE_FAMILY = "1,2";
			};
			name = Release;
		};
		DFEBCD5A28B8438500B8A5D0 /* Debug */ = {
			isa = XCBuildConfiguration;
			buildSettings = {
				ALWAYS_EMBED_SWIFT_STANDARD_LIBRARIES = YES;
				BUNDLE_LOADER = "$(TEST_HOST)";
				CODE_SIGN_STYLE = Automatic;
				CURRENT_PROJECT_VERSION = 1;
				GENERATE_INFOPLIST_FILE = YES;
				IPHONEOS_DEPLOYMENT_TARGET = 15.2;
				MARKETING_VERSION = 1.0;
				PRODUCT_BUNDLE_IDENTIFIER = com.javier.PokedexTests;
				PRODUCT_NAME = "$(TARGET_NAME)";
				SWIFT_EMIT_LOC_STRINGS = NO;
				SWIFT_VERSION = 5.0;
				TARGETED_DEVICE_FAMILY = "1,2";
				TEST_HOST = "$(BUILT_PRODUCTS_DIR)/Pokedex.app/Pokedex";
			};
			name = Debug;
		};
		DFEBCD5B28B8438500B8A5D0 /* Release */ = {
			isa = XCBuildConfiguration;
			buildSettings = {
				ALWAYS_EMBED_SWIFT_STANDARD_LIBRARIES = YES;
				BUNDLE_LOADER = "$(TEST_HOST)";
				CODE_SIGN_STYLE = Automatic;
				CURRENT_PROJECT_VERSION = 1;
				GENERATE_INFOPLIST_FILE = YES;
				IPHONEOS_DEPLOYMENT_TARGET = 15.2;
				MARKETING_VERSION = 1.0;
				PRODUCT_BUNDLE_IDENTIFIER = com.javier.PokedexTests;
				PRODUCT_NAME = "$(TARGET_NAME)";
				SWIFT_EMIT_LOC_STRINGS = NO;
				SWIFT_VERSION = 5.0;
				TARGETED_DEVICE_FAMILY = "1,2";
				TEST_HOST = "$(BUILT_PRODUCTS_DIR)/Pokedex.app/Pokedex";
			};
			name = Release;
		};
		DFEBCD5D28B8438500B8A5D0 /* Debug */ = {
			isa = XCBuildConfiguration;
			buildSettings = {
				ALWAYS_EMBED_SWIFT_STANDARD_LIBRARIES = YES;
				CODE_SIGN_STYLE = Automatic;
				CURRENT_PROJECT_VERSION = 1;
				GENERATE_INFOPLIST_FILE = YES;
				MARKETING_VERSION = 1.0;
				PRODUCT_BUNDLE_IDENTIFIER = com.javier.PokedexUITests;
				PRODUCT_NAME = "$(TARGET_NAME)";
				SWIFT_EMIT_LOC_STRINGS = NO;
				SWIFT_VERSION = 5.0;
				TARGETED_DEVICE_FAMILY = "1,2";
				TEST_TARGET_NAME = Pokedex;
			};
			name = Debug;
		};
		DFEBCD5E28B8438500B8A5D0 /* Release */ = {
			isa = XCBuildConfiguration;
			buildSettings = {
				ALWAYS_EMBED_SWIFT_STANDARD_LIBRARIES = YES;
				CODE_SIGN_STYLE = Automatic;
				CURRENT_PROJECT_VERSION = 1;
				GENERATE_INFOPLIST_FILE = YES;
				MARKETING_VERSION = 1.0;
				PRODUCT_BUNDLE_IDENTIFIER = com.javier.PokedexUITests;
				PRODUCT_NAME = "$(TARGET_NAME)";
				SWIFT_EMIT_LOC_STRINGS = NO;
				SWIFT_VERSION = 5.0;
				TARGETED_DEVICE_FAMILY = "1,2";
				TEST_TARGET_NAME = Pokedex;
			};
			name = Release;
		};
/* End XCBuildConfiguration section */

/* Begin XCConfigurationList section */
		DFEBCD2428B8438300B8A5D0 /* Build configuration list for PBXProject "Pokedex" */ = {
			isa = XCConfigurationList;
			buildConfigurations = (
				DFEBCD5428B8438500B8A5D0 /* Debug */,
				DFEBCD5528B8438500B8A5D0 /* Release */,
			);
			defaultConfigurationIsVisible = 0;
			defaultConfigurationName = Release;
		};
		DFEBCD5628B8438500B8A5D0 /* Build configuration list for PBXNativeTarget "Pokedex" */ = {
			isa = XCConfigurationList;
			buildConfigurations = (
				DFEBCD5728B8438500B8A5D0 /* Debug */,
				DFEBCD5828B8438500B8A5D0 /* Release */,
			);
			defaultConfigurationIsVisible = 0;
			defaultConfigurationName = Release;
		};
		DFEBCD5928B8438500B8A5D0 /* Build configuration list for PBXNativeTarget "PokedexTests" */ = {
			isa = XCConfigurationList;
			buildConfigurations = (
				DFEBCD5A28B8438500B8A5D0 /* Debug */,
				DFEBCD5B28B8438500B8A5D0 /* Release */,
			);
			defaultConfigurationIsVisible = 0;
			defaultConfigurationName = Release;
		};
		DFEBCD5C28B8438500B8A5D0 /* Build configuration list for PBXNativeTarget "PokedexUITests" */ = {
			isa = XCConfigurationList;
			buildConfigurations = (
				DFEBCD5D28B8438500B8A5D0 /* Debug */,
				DFEBCD5E28B8438500B8A5D0 /* Release */,
			);
			defaultConfigurationIsVisible = 0;
			defaultConfigurationName = Release;
		};
/* End XCConfigurationList section */

/* Begin XCVersionGroup section */
		DFEBCD3528B8438300B8A5D0 /* Pokedex.xcdatamodeld */ = {
			isa = XCVersionGroup;
			children = (
				DFEBCD3628B8438300B8A5D0 /* Pokedex.xcdatamodel */,
			);
			currentVersion = DFEBCD3628B8438300B8A5D0 /* Pokedex.xcdatamodel */;
			path = Pokedex.xcdatamodeld;
			sourceTree = "<group>";
			versionGroupType = wrapper.xcdatamodel;
		};
/* End XCVersionGroup section */
	};
	rootObject = DFEBCD2128B8438300B8A5D0 /* Project object */;
}
